
Microsoft Visual Studio Solution File, Format Version 12.00
# Visual Studio Version 16
VisualStudioVersion = 16.0.31515.178
MinimumVisualStudioVersion = 10.0.40219.1
Project("{8BC9CEB8-8B4A-11D0-8D11-00A0C91BC942}") = "ourPaint", "ourPaint\ourPaint.vcxproj", "{A0C3D8C7-2307-442D-95A6-D20E465598EC}"
EndProject
Global
	GlobalSection(SolutionConfigurationPlatforms) = preSolution
		Debug|x64 = Debug|x64
		Debug|x86 = Debug|x86
		Release|x64 = Release|x64
		Release|x86 = Release|x86
	EndGlobalSection
	GlobalSection(ProjectConfigurationPlatforms) = postSolution
		{A0C3D8C7-2307-442D-95A6-D20E465598EC}.Debug|x64.ActiveCfg = Debug|x64
		{A0C3D8C7-2307-442D-95A6-D20E465598EC}.Debug|x64.Build.0 = Debug|x64
		{A0C3D8C7-2307-442D-95A6-D20E465598EC}.Debug|x86.ActiveCfg = Debug|Win32
		{A0C3D8C7-2307-442D-95A6-D20E465598EC}.Debug|x86.Build.0 = Debug|Win32
		{A0C3D8C7-2307-442D-95A6-D20E465598EC}.Release|x64.ActiveCfg = Release|x64
		{A0C3D8C7-2307-442D-95A6-D20E465598EC}.Release|x64.Build.0 = Release|x64
		{A0C3D8C7-2307-442D-95A6-D20E465598EC}.Release|x86.ActiveCfg = Release|Win32
		{A0C3D8C7-2307-442D-95A6-D20E465598EC}.Release|x86.Build.0 = Release|Win32
	EndGlobalSection
	GlobalSection(SolutionProperties) = preSolution
		HideSolutionNode = FALSE
	EndGlobalSection
	GlobalSection(ExtensibilityGlobals) = postSolution
		SolutionGuid = {045870DC-B23C-494A-A166-018666E91E3E}
	EndGlobalSection
EndGlobal
